
Microsoft Visual Studio Solution File, Format Version 12.00
# Visual Studio Version 17
VisualStudioVersion = 17.10.35013.160
MinimumVisualStudioVersion = 10.0.40219.1
Project("{FAE04EC0-301F-11D3-BF4B-00C04F79EFBC}") = "NumberGuessingGame", "NumberGuessingGame.csproj", "{7DD5CB56-09B7-4924-A485-F1CA6B281FA9}"
EndProject
Global
	GlobalSection(SolutionConfigurationPlatforms) = preSolution
		Debug|Any CPU = Debug|Any CPU
		Release|Any CPU = Release|Any CPU
	EndGlobalSection
	GlobalSection(ProjectConfigurationPlatforms) = postSolution
		{7DD5CB56-09B7-4924-A485-F1CA6B281FA9}.Debug|Any CPU.ActiveCfg = Debug|Any CPU
		{7DD5CB56-09B7-4924-A485-F1CA6B281FA9}.Debug|Any CPU.Build.0 = Debug|Any CPU
		{7DD5CB56-09B7-4924-A485-F1CA6B281FA9}.Release|Any CPU.ActiveCfg = Release|Any CPU
		{7DD5CB56-09B7-4924-A485-F1CA6B281FA9}.Release|Any CPU.Build.0 = Release|Any CPU
	EndGlobalSection
	GlobalSection(SolutionProperties) = preSolution
		HideSolutionNode = FALSE
	EndGlobalSection
	GlobalSection(ExtensibilityGlobals) = postSolution
		SolutionGuid = {69AF98DE-741C-4671-9912-20162FBAD542}
	EndGlobalSection
EndGlobal
